{
  "name": "Pacman",
  "version": "1.0.0",
  "lockfileVersion": 2,
  "requires": true,
  "packages": {
    "": {
      "name": "Pacman",
      "version": "1.0.0",
      "dependencies": {
        "@viselect/vanilla": "^3.0.0"
      }
    },
    "node_modules/@viselect/vanilla": {
      "version": "3.0.0",
      "resolved": "https://registry.npmjs.org/@viselect/vanilla/-/vanilla-3.0.0.tgz",
      "integrity": "sha512-/Db+eFHJGNHm7VJEBHf+BxPkZbe/gjd9EQSb9E3URUo4DGZv3WRss7Xp2GoeTXVOwmWBRxmKCrROHpsuuAg4SA=="
    }
  },
  "dependencies": {
    "@viselect/vanilla": {
      "version": "3.0.0",
      "resolved": "https://registry.npmjs.org/@viselect/vanilla/-/vanilla-3.0.0.tgz",
      "integrity": "sha512-/Db+eFHJGNHm7VJEBHf+BxPkZbe/gjd9EQSb9E3URUo4DGZv3WRss7Xp2GoeTXVOwmWBRxmKCrROHpsuuAg4SA=="
    }
  }
}
